// !$*UTF8*$!
{
	archiveVersion = 1;
	classes = {
	};
	objectVersion = 50;
	objects = {

/* Begin PBXBuildFile section */
		4DB1526B238AAA0300538716 /* AppDelegate.swift in Sources */ = {isa = PBXBuildFile; fileRef = 4DB1526A238AAA0300538716 /* AppDelegate.swift */; };
		4DB1526D238AAA0300538716 /* SceneDelegate.swift in Sources */ = {isa = PBXBuildFile; fileRef = 4DB1526C238AAA0300538716 /* SceneDelegate.swift */; };
		4DB1526F238AAA0300538716 /* ContentView.swift in Sources */ = {isa = PBXBuildFile; fileRef = 4DB1526E238AAA0300538716 /* ContentView.swift */; };
		4DB15271238AAA0500538716 /* Assets.xcassets in Resources */ = {isa = PBXBuildFile; fileRef = 4DB15270238AAA0500538716 /* Assets.xcassets */; };
		4DB15274238AAA0500538716 /* Preview Assets.xcassets in Resources */ = {isa = PBXBuildFile; fileRef = 4DB15273238AAA0500538716 /* Preview Assets.xcassets */; };
		4DB15277238AAA0500538716 /* LaunchScreen.storyboard in Resources */ = {isa = PBXBuildFile; fileRef = 4DB15275238AAA0500538716 /* LaunchScreen.storyboard */; };
		4DB1527F238B4CCF00538716 /* NetworkManager.swift in Sources */ = {isa = PBXBuildFile; fileRef = 4DB1527E238B4CCF00538716 /* NetworkManager.swift */; };
		4DB15282238B548300538716 /* PostData.swift in Sources */ = {isa = PBXBuildFile; fileRef = 4DB15281238B548300538716 /* PostData.swift */; };
		4DB15285238BC42600538716 /* DetailView.swift in Sources */ = {isa = PBXBuildFile; fileRef = 4DB15284238BC42600538716 /* DetailView.swift */; };
		4DC1D2D624A0343A00AAEDFA /* WebView.swift in Sources */ = {isa = PBXBuildFile; fileRef = 4DC1D2D524A0343A00AAEDFA /* WebView.swift */; };
/* End PBXBuildFile section */

/* Begin PBXFileReference section */
		4DB15267238AAA0300538716 /* H4X0R.app */ = {isa = PBXFileReference; explicitFileType = wrapper.application; includeInIndex = 0; path = H4X0R.app; sourceTree = BUILT_PRODUCTS_DIR; };
		4DB1526A238AAA0300538716 /* AppDelegate.swift */ = {isa = PBXFileReference; lastKnownFileType = sourcecode.swift; path = AppDelegate.swift; sourceTree = "<group>"; };
		4DB1526C238AAA0300538716 /* SceneDelegate.swift */ = {isa = PBXFileReference; lastKnownFileType = sourcecode.swift; path = SceneDelegate.swift; sourceTree = "<group>"; };
		4DB1526E238AAA0300538716 /* ContentView.swift */ = {isa = PBXFileReference; lastKnownFileType = sourcecode.swift; path = ContentView.swift; sourceTree = "<group>"; };
		4DB15270238AAA0500538716 /* Assets.xcassets */ = {isa = PBXFileReference; lastKnownFileType = folder.assetcatalog; path = Assets.xcassets; sourceTree = "<group>"; };
		4DB15273238AAA0500538716 /* Preview Assets.xcassets */ = {isa = PBXFileReference; lastKnownFileType = folder.assetcatalog; path = "Preview Assets.xcassets"; sourceTree = "<group>"; };
		4DB15276238AAA0500538716 /* Base */ = {isa = PBXFileReference; lastKnownFileType = file.storyboard; name = Base; path = Base.lproj/LaunchScreen.storyboard; sourceTree = "<group>"; };
		4DB15278238AAA0500538716 /* Info.plist */ = {isa = PBXFileReference; lastKnownFileType = text.plist.xml; path = Info.plist; sourceTree = "<group>"; };
		4DB1527E238B4CCF00538716 /* NetworkManager.swift */ = {isa = PBXFileReference; lastKnownFileType = sourcecode.swift; path = NetworkManager.swift; sourceTree = "<group>"; };
		4DB15281238B548300538716 /* PostData.swift */ = {isa = PBXFileReference; lastKnownFileType = sourcecode.swift; path = PostData.swift; sourceTree = "<group>"; };
		4DB15284238BC42600538716 /* DetailView.swift */ = {isa = PBXFileReference; lastKnownFileType = sourcecode.swift; path = DetailView.swift; sourceTree = "<group>"; };
		4DC1D2D524A0343A00AAEDFA /* WebView.swift */ = {isa = PBXFileReference; lastKnownFileType = sourcecode.swift; path = WebView.swift; sourceTree = "<group>"; };
/* End PBXFileReference section */

/* Begin PBXFrameworksBuildPhase section */
		4DB15264238AAA0300538716 /* Frameworks */ = {
			isa = PBXFrameworksBuildPhase;
			buildActionMask = 2147483647;
			files = (
			);
			runOnlyForDeploymentPostprocessing = 0;
		};
/* End PBXFrameworksBuildPhase section */

/* Begin PBXGroup section */
		4DB1525E238AAA0200538716 = {
			isa = PBXGroup;
			children = (
				4DB15269238AAA0300538716 /* H4X0R */,
				4DB15268238AAA0300538716 /* Products */,
			);
			sourceTree = "<group>";
		};
		4DB15268238AAA0300538716 /* Products */ = {
			isa = PBXGroup;
			children = (
				4DB15267238AAA0300538716 /* H4X0R.app */,
			);
			name = Products;
			sourceTree = "<group>";
		};
		4DB15269238AAA0300538716 /* H4X0R */ = {
			isa = PBXGroup;
			children = (
				4DB15283238BC41B00538716 /* Views */,
				4DB15280238B546C00538716 /* Models */,
				4DB1526A238AAA0300538716 /* AppDelegate.swift */,
				4DB1526C238AAA0300538716 /* SceneDelegate.swift */,
				4DB15270238AAA0500538716 /* Assets.xcassets */,
				4DB15275238AAA0500538716 /* LaunchScreen.storyboard */,
				4DB15278238AAA0500538716 /* Info.plist */,
				4DB15272238AAA0500538716 /* Preview Content */,
			);
			path = H4X0R;
			sourceTree = "<group>";
		};
		4DB15272238AAA0500538716 /* Preview Content */ = {
			isa = PBXGroup;
			children = (
				4DB15273238AAA0500538716 /* Preview Assets.xcassets */,
			);
			path = "Preview Content";
			sourceTree = "<group>";
		};
		4DB15280238B546C00538716 /* Models */ = {
			isa = PBXGroup;
			children = (
				4DB1527E238B4CCF00538716 /* NetworkManager.swift */,
				4DB15281238B548300538716 /* PostData.swift */,
			);
			path = Models;
			sourceTree = "<group>";
		};
		4DB15283238BC41B00538716 /* Views */ = {
			isa = PBXGroup;
			children = (
				4DB15284238BC42600538716 /* DetailView.swift */,
				4DB1526E238AAA0300538716 /* ContentView.swift */,
				4DC1D2D524A0343A00AAEDFA /* WebView.swift */,
			);
			path = Views;
			sourceTree = "<group>";
		};
/* End PBXGroup section */

/* Begin PBXNativeTarget section */
		4DB15266238AAA0300538716 /* H4X0R */ = {
			isa = PBXNativeTarget;
			buildConfigurationList = 4DB1527B238AAA0500538716 /* Build configuration list for PBXNativeTarget "H4X0R" */;
			buildPhases = (
				4DB15263238AAA0300538716 /* Sources */,
				4DB15264238AAA0300538716 /* Frameworks */,
				4DB15265238AAA0300538716 /* Resources */,
			);
			buildRules = (
			);
			dependencies = (
			);
			name = H4X0R;
			productName = H4X0R;
			productReference = 4DB15267238AAA0300538716 /* H4X0R.app */;
			productType = "com.apple.product-type.application";
		};
/* End PBXNativeTarget section */

/* Begin PBXProject section */
		4DB1525F238AAA0200538716 /* Project object */ = {
			isa = PBXProject;
			attributes = {
				LastSwiftUpdateCheck = 1120;
				LastUpgradeCheck = 1120;
				ORGANIZATIONNAME = "argenis delarosa";
				TargetAttributes = {
					4DB15266238AAA0300538716 = {
						CreatedOnToolsVersion = 11.2.1;
					};
				};
			};
			buildConfigurationList = 4DB15262238AAA0200538716 /* Build configuration list for PBXProject "H4X0R" */;
			compatibilityVersion = "Xcode 9.3";
			developmentRegion = en;
			hasScannedForEncodings = 0;
			knownRegions = (
				en,
				Base,
			);
			mainGroup = 4DB1525E238AAA0200538716;
			productRefGroup = 4DB15268238AAA0300538716 /* Products */;
			projectDirPath = "";
			projectRoot = "";
			targets = (
				4DB15266238AAA0300538716 /* H4X0R */,
			);
		};
/* End PBXProject section */

/* Begin PBXResourcesBuildPhase section */
		4DB15265238AAA0300538716 /* Resources */ = {
			isa = PBXResourcesBuildPhase;
			buildActionMask = 2147483647;
			files = (
				4DB15277238AAA0500538716 /* LaunchScreen.storyboard in Resources */,
				4DB15274238AAA0500538716 /* Preview Assets.xcassets in Resources */,
				4DB15271238AAA0500538716 /* Assets.xcassets in Resources */,
			);
			runOnlyForDeploymentPostprocessing = 0;
		};
/* End PBXResourcesBuildPhase section */

/* Begin PBXSourcesBuildPhase section */
		4DB15263238AAA0300538716 /* Sources */ = {
			isa = PBXSourcesBuildPhase;
			buildActionMask = 2147483647;
			files = (
				4DB15282238B548300538716 /* PostData.swift in Sources */,
				4DB15285238BC42600538716 /* DetailView.swift in Sources */,
				4DB1527F238B4CCF00538716 /* NetworkManager.swift in Sources */,
				4DB1526B238AAA0300538716 /* AppDelegate.swift in Sources */,
				4DB1526D238AAA0300538716 /* SceneDelegate.swift in Sources */,
				4DB1526F238AAA0300538716 /* ContentView.swift in Sources */,
				4DC1D2D624A0343A00AAEDFA /* WebView.swift in Sources */,
			);
			runOnlyForDeploymentPostprocessing = 0;
		};
/* End PBXSourcesBuildPhase section */

/* Begin PBXVariantGroup section */
		4DB15275238AAA0500538716 /* LaunchScreen.storyboard */ = {
			isa = PBXVariantGroup;
			children = (
				4DB15276238AAA0500538716 /* Base */,
			);
			name = LaunchScreen.storyboard;
			sourceTree = "<group>";
		};
/* End PBXVariantGroup section */

/* Begin XCBuildConfiguration section */
		4DB15279238AAA0500538716 /* Debug */ = {
			isa = XCBuildConfiguration;
			buildSettings = {
				ALWAYS_SEARCH_USER_PATHS = NO;
				CLANG_ANALYZER_NONNULL = YES;
				CLANG_ANALYZER_NUMBER_OBJECT_CONVERSION = YES_AGGRESSIVE;
				CLANG_CXX_LANGUAGE_STANDARD = "gnu++14";
				CLANG_CXX_LIBRARY = "libc++";
				CLANG_ENABLE_MODULES = YES;
				CLANG_ENABLE_OBJC_ARC = YES;
				CLANG_ENABLE_OBJC_WEAK = YES;
				CLANG_WARN_BLOCK_CAPTURE_AUTORELEASING = YES;
				CLANG_WARN_BOOL_CONVERSION = YES;
				CLANG_WARN_COMMA = YES;
				CLANG_WARN_CONSTANT_CONVERSION = YES;
				CLANG_WARN_DEPRECATED_OBJC_IMPLEMENTATIONS = YES;
				CLANG_WARN_DIRECT_OBJC_ISA_USAGE = YES_ERROR;
				CLANG_WARN_DOCUMENTATION_COMMENTS = YES;
				CLANG_WARN_EMPTY_BODY = YES;
				CLANG_WARN_ENUM_CONVERSION = YES;
				CLANG_WARN_INFINITE_RECURSION = YES;
				CLANG_WARN_INT_CONVERSION = YES;
				CLANG_WARN_NON_LITERAL_NULL_CONVERSION = YES;
				CLANG_WARN_OBJC_IMPLICIT_RETAIN_SELF = YES;
				CLANG_WARN_OBJC_LITERAL_CONVERSION = YES;
				CLANG_WARN_OBJC_ROOT_CLASS = YES_ERROR;
				CLANG_WARN_RANGE_LOOP_ANALYSIS = YES;
				CLANG_WARN_STRICT_PROTOTYPES = YES;
				CLANG_WARN_SUSPICIOUS_MOVE = YES;
				CLANG_WARN_UNGUARDED_AVAILABILITY = YES_AGGRESSIVE;
				CLANG_WARN_UNREACHABLE_CODE = YES;
				CLANG_WARN__DUPLICATE_METHOD_MATCH = YES;
				COPY_PHASE_STRIP = NO;
				DEBUG_INFORMATION_FORMAT = dwarf;
				ENABLE_STRICT_OBJC_MSGSEND = YES;
				ENABLE_TESTABILITY = YES;
				GCC_C_LANGUAGE_STANDARD = gnu11;
				GCC_DYNAMIC_NO_PIC = NO;
				GCC_NO_COMMON_BLOCKS = YES;
				GCC_OPTIMIZATION_LEVEL = 0;
				GCC_PREPROCESSOR_DEFINITIONS = (
					"DEBUG=1",
					"$(inherited)",
				);
				GCC_WARN_64_TO_32_BIT_CONVERSION = YES;
				GCC_WARN_ABOUT_RETURN_TYPE = YES_ERROR;
				GCC_WARN_UNDECLARED_SELECTOR = YES;
				GCC_WARN_UNINITIALIZED_AUTOS = YES_AGGRESSIVE;
				GCC_WARN_UNUSED_FUNCTION = YES;
				GCC_WARN_UNUSED_VARIABLE = YES;
				IPHONEOS_DEPLOYMENT_TARGET = 13.2;
				MTL_ENABLE_DEBUG_INFO = INCLUDE_SOURCE;
				MTL_FAST_MATH = YES;
				ONLY_ACTIVE_ARCH = YES;
				SDKROOT = iphoneos;
				SWIFT_ACTIVE_COMPILATION_CONDITIONS = DEBUG;
				SWIFT_OPTIMIZATION_LEVEL = "-Onone";
			};
			name = Debug;
		};
		4DB1527A238AAA0500538716 /* Release */ = {
			isa = XCBuildConfiguration;
			buildSettings = {
				ALWAYS_SEARCH_USER_PATHS = NO;
				CLANG_ANALYZER_NONNULL = YES;
				CLANG_ANALYZER_NUMBER_OBJECT_CONVERSION = YES_AGGRESSIVE;
				CLANG_CXX_LANGUAGE_STANDARD = "gnu++14";
				CLANG_CXX_LIBRARY = "libc++";
				CLANG_ENABLE_MODULES = YES;
				CLANG_ENABLE_OBJC_ARC = YES;
				CLANG_ENABLE_OBJC_WEAK = YES;
				CLANG_WARN_BLOCK_CAPTURE_AUTORELEASING = YES;
				CLANG_WARN_BOOL_CONVERSION = YES;
				CLANG_WARN_COMMA = YES;
				CLANG_WARN_CONSTANT_CONVERSION = YES;
				CLANG_WARN_DEPRECATED_OBJC_IMPLEMENTATIONS = YES;
				CLANG_WARN_DIRECT_OBJC_ISA_USAGE = YES_ERROR;
				CLANG_WARN_DOCUMENTATION_COMMENTS = YES;
				CLANG_WARN_EMPTY_BODY = YES;
				CLANG_WARN_ENUM_CONVERSION = YES;
				CLANG_WARN_INFINITE_RECURSION = YES;
				CLANG_WARN_INT_CONVERSION = YES;
				CLANG_WARN_NON_LITERAL_NULL_CONVERSION = YES;
				CLANG_WARN_OBJC_IMPLICIT_RETAIN_SELF = YES;
				CLANG_WARN_OBJC_LITERAL_CONVERSION = YES;
				CLANG_WARN_OBJC_ROOT_CLASS = YES_ERROR;
				CLANG_WARN_RANGE_LOOP_ANALYSIS = YES;
				CLANG_WARN_STRICT_PROTOTYPES = YES;
				CLANG_WARN_SUSPICIOUS_MOVE = YES;
				CLANG_WARN_UNGUARDED_AVAILABILITY = YES_AGGRESSIVE;
				CLANG_WARN_UNREACHABLE_CODE = YES;
				CLANG_WARN__DUPLICATE_METHOD_MATCH = YES;
				COPY_PHASE_STRIP = NO;
				DEBUG_INFORMATION_FORMAT = "dwarf-with-dsym";
				ENABLE_NS_ASSERTIONS = NO;
				ENABLE_STRICT_OBJC_MSGSEND = YES;
				GCC_C_LANGUAGE_STANDARD = gnu11;
				GCC_NO_COMMON_BLOCKS = YES;
				GCC_WARN_64_TO_32_BIT_CONVERSION = YES;
				GCC_WARN_ABOUT_RETURN_TYPE = YES_ERROR;
				GCC_WARN_UNDECLARED_SELECTOR = YES;
				GCC_WARN_UNINITIALIZED_AUTOS = YES_AGGRESSIVE;
				GCC_WARN_UNUSED_FUNCTION = YES;
				GCC_WARN_UNUSED_VARIABLE = YES;
				IPHONEOS_DEPLOYMENT_TARGET = 13.2;
				MTL_ENABLE_DEBUG_INFO = NO;
				MTL_FAST_MATH = YES;
				SDKROOT = iphoneos;
				SWIFT_COMPILATION_MODE = wholemodule;
				SWIFT_OPTIMIZATION_LEVEL = "-O";
				VALIDATE_PRODUCT = YES;
			};
			name = Release;
		};
		4DB1527C238AAA0500538716 /* Debug */ = {
			isa = XCBuildConfiguration;
			buildSettings = {
				ASSETCATALOG_COMPILER_APPICON_NAME = AppIcon;
				CODE_SIGN_STYLE = Automatic;
				DEVELOPMENT_ASSET_PATHS = "\"H4X0R/Preview Content\"";
				DEVELOPMENT_TEAM = D72BQC232M;
				ENABLE_PREVIEWS = YES;
				INFOPLIST_FILE = H4X0R/Info.plist;
				LD_RUNPATH_SEARCH_PATHS = (
					"$(inherited)",
					"@executable_path/Frameworks",
				);
				PRODUCT_BUNDLE_IDENTIFIER = com.argenisdelarosa.basicapp.H4X0R;
				PRODUCT_NAME = "$(TARGET_NAME)";
				SWIFT_VERSION = 5.0;
				TARGETED_DEVICE_FAMILY = "1,2";
			};
			name = Debug;
		};
		4DB1527D238AAA0500538716 /* Release */ = {
			isa = XCBuildConfiguration;
			buildSettings = {
				ASSETCATALOG_COMPILER_APPICON_NAME = AppIcon;
				CODE_SIGN_STYLE = Automatic;
				DEVELOPMENT_ASSET_PATHS = "\"H4X0R/Preview Content\"";
				DEVELOPMENT_TEAM = D72BQC232M;
				ENABLE_PREVIEWS = YES;
				INFOPLIST_FILE = H4X0R/Info.plist;
				LD_RUNPATH_SEARCH_PATHS = (
					"$(inherited)",
					"@executable_path/Frameworks",
				);
				PRODUCT_BUNDLE_IDENTIFIER = com.argenisdelarosa.basicapp.H4X0R;
				PRODUCT_NAME = "$(TARGET_NAME)";
				SWIFT_VERSION = 5.0;
				TARGETED_DEVICE_FAMILY = "1,2";
			};
			name = Release;
		};
/* End XCBuildConfiguration section */

/* Begin XCConfigurationList section */
		4DB15262238AAA0200538716 /* Build configuration list for PBXProject "H4X0R" */ = {
			isa = XCConfigurationList;
			buildConfigurations = (
				4DB15279238AAA0500538716 /* Debug */,
				4DB1527A238AAA0500538716 /* Release */,
			);
			defaultConfigurationIsVisible = 0;
			defaultConfigurationName = Release;
		};
		4DB1527B238AAA0500538716 /* Build configuration list for PBXNativeTarget "H4X0R" */ = {
			isa = XCConfigurationList;
			buildConfigurations = (
				4DB1527C238AAA0500538716 /* Debug */,
				4DB1527D238AAA0500538716 /* Release */,
			);
			defaultConfigurationIsVisible = 0;
			defaultConfigurationName = Release;
		};
/* End XCConfigurationList section */
	};
	rootObject = 4DB1525F238AAA0200538716 /* Project object */;
}
